
Microsoft Visual Studio Solution File, Format Version 12.00
# Visual Studio Version 17
VisualStudioVersion = 17.7.34024.191
MinimumVisualStudioVersion = 10.0.40219.1
Project("{FAE04EC0-301F-11D3-BF4B-00C04F79EFBC}") = "GUIForDiskpart", "GUIForDiskpart.csproj", "{B42DE0F0-FAD8-4C3B-98F4-F898D994EF19}"
EndProject
Global
	GlobalSection(SolutionConfigurationPlatforms) = preSolution
		Debug|Any CPU = Debug|Any CPU
		Release|Any CPU = Release|Any CPU
	EndGlobalSection
	GlobalSection(ProjectConfigurationPlatforms) = postSolution
		{B42DE0F0-FAD8-4C3B-98F4-F898D994EF19}.Debug|Any CPU.ActiveCfg = Debug|Any CPU
		{B42DE0F0-FAD8-4C3B-98F4-F898D994EF19}.Debug|Any CPU.Build.0 = Debug|Any CPU
		{B42DE0F0-FAD8-4C3B-98F4-F898D994EF19}.Release|Any CPU.ActiveCfg = Release|Any CPU
		{B42DE0F0-FAD8-4C3B-98F4-F898D994EF19}.Release|Any CPU.Build.0 = Release|Any CPU
	EndGlobalSection
	GlobalSection(SolutionProperties) = preSolution
		HideSolutionNode = FALSE
	EndGlobalSection
	GlobalSection(ExtensibilityGlobals) = postSolution
		SolutionGuid = {0609E747-5DBE-4162-BC5E-0326E1377377}
	EndGlobalSection
EndGlobal
